
Microsoft Visual Studio Solution File, Format Version 12.00
# Visual Studio Version 17
VisualStudioVersion = 17.0.31903.59
MinimumVisualStudioVersion = 10.0.40219.1
Project("{2150E333-8FDC-42A3-9474-1A3956D46DE8}") = "1-Aplication", "1-Aplication", "{7106A5CE-2C11-4302-B9B5-B275221E519F}"
EndProject
Project("{2150E333-8FDC-42A3-9474-1A3956D46DE8}") = "2-Domain", "2-Domain", "{6ED10EF0-3E59-47B9-B423-2F5D1FDBF757}"
EndProject
Project("{2150E333-8FDC-42A3-9474-1A3956D46DE8}") = "3-Data", "3-Data", "{D3255041-E7B9-406B-8C04-5538A8552F53}"
EndProject
Project("{2150E333-8FDC-42A3-9474-1A3956D46DE8}") = "4-Presentation", "4-Presentation", "{6CB91705-F521-48CD-8943-89ED5623EE14}"
EndProject
Project("{2150E333-8FDC-42A3-9474-1A3956D46DE8}") = "5-CrossCutting", "5-CrossCutting", "{C736E306-43BF-422C-8082-2435E4265DB2}"
EndProject
Project("{2150E333-8FDC-42A3-9474-1A3956D46DE8}") = "6-Infra", "6-Infra", "{FA1E59CC-8B44-443A-9096-D1E544608302}"
EndProject
Project("{2150E333-8FDC-42A3-9474-1A3956D46DE8}") = "7-Tests", "7-Tests", "{7BFF1F07-99DB-4870-8B24-465E32E5BEFA}"
EndProject
Global
	GlobalSection(SolutionProperties) = preSolution
		HideSolutionNode = FALSE
	EndGlobalSection
	GlobalSection(ExtensibilityGlobals) = postSolution
		SolutionGuid = {9AF40970-3748-495D-B6D8-4282EF41A95E}
	EndGlobalSection
EndGlobal
